
Microsoft Visual Studio Solution File, Format Version 12.00
# Visual Studio Version 17
VisualStudioVersion = 17.2.32616.157
MinimumVisualStudioVersion = 10.0.40219.1
Project("{FAE04EC0-301F-11D3-BF4B-00C04F79EFBC}") = "Forum.Web", "Forum.Web\Forum.Web.csproj", "{46FDFAB7-4836-4A89-9D59-B5908B288EE8}"
EndProject
Project("{FAE04EC0-301F-11D3-BF4B-00C04F79EFBC}") = "Forum.Core", "Forum.Core\Forum.Core.csproj", "{B3549F5C-A653-4645-8630-BB21F0275E03}"
EndProject
Project("{FAE04EC0-301F-11D3-BF4B-00C04F79EFBC}") = "Forum.Data", "Forum.Data\Forum.Data.csproj", "{507C0E88-AC42-4098-B43F-8542EB9BE1AC}"
EndProject
Project("{FAE04EC0-301F-11D3-BF4B-00C04F79EFBC}") = "Forum.Services.Abstract", "Forum.Services.Abstract\Forum.Services.Abstract.csproj", "{4940D93D-CF35-4558-989B-7D1DB82FC869}"
EndProject
Project("{FAE04EC0-301F-11D3-BF4B-00C04F79EFBC}") = "Forum.Services", "Forum.Services\Forum.Services.csproj", "{81B459F1-31AF-4FBD-B6E1-61C64748821C}"
EndProject
Project("{FAE04EC0-301F-11D3-BF4B-00C04F79EFBC}") = "Forum.Utilities", "Forum.Utilities\Forum.Utilities.csproj", "{1D97127F-0B85-4BFC-800E-219BE48BBE03}"
EndProject
Project("{2150E333-8FDC-42A3-9474-1A3956D46DE8}") = "Tests", "Tests", "{DB838412-0FD8-48AA-8F74-4CD19029DDE1}"
EndProject
Project("{FAE04EC0-301F-11D3-BF4B-00C04F79EFBC}") = "Forum.Services.Tests", "Forum.Services.Tests\Forum.Services.Tests.csproj", "{ADDB3C38-441D-42F7-B046-5C3E34A48985}"
EndProject
Project("{FAE04EC0-301F-11D3-BF4B-00C04F79EFBC}") = "Forum.Web.Tests", "Forum.Web.Tests\Forum.Web.Tests.csproj", "{0AE972FE-32B5-4BB9-B926-2295E6E683F1}"
EndProject
Global
	GlobalSection(SolutionConfigurationPlatforms) = preSolution
		Debug|Any CPU = Debug|Any CPU
		Release|Any CPU = Release|Any CPU
	EndGlobalSection
	GlobalSection(ProjectConfigurationPlatforms) = postSolution
		{46FDFAB7-4836-4A89-9D59-B5908B288EE8}.Debug|Any CPU.ActiveCfg = Debug|Any CPU
		{46FDFAB7-4836-4A89-9D59-B5908B288EE8}.Debug|Any CPU.Build.0 = Debug|Any CPU
		{46FDFAB7-4836-4A89-9D59-B5908B288EE8}.Release|Any CPU.ActiveCfg = Release|Any CPU
		{46FDFAB7-4836-4A89-9D59-B5908B288EE8}.Release|Any CPU.Build.0 = Release|Any CPU
		{B3549F5C-A653-4645-8630-BB21F0275E03}.Debug|Any CPU.ActiveCfg = Debug|Any CPU
		{B3549F5C-A653-4645-8630-BB21F0275E03}.Debug|Any CPU.Build.0 = Debug|Any CPU
		{B3549F5C-A653-4645-8630-BB21F0275E03}.Release|Any CPU.ActiveCfg = Release|Any CPU
		{B3549F5C-A653-4645-8630-BB21F0275E03}.Release|Any CPU.Build.0 = Release|Any CPU
		{507C0E88-AC42-4098-B43F-8542EB9BE1AC}.Debug|Any CPU.ActiveCfg = Debug|Any CPU
		{507C0E88-AC42-4098-B43F-8542EB9BE1AC}.Debug|Any CPU.Build.0 = Debug|Any CPU
		{507C0E88-AC42-4098-B43F-8542EB9BE1AC}.Release|Any CPU.ActiveCfg = Release|Any CPU
		{507C0E88-AC42-4098-B43F-8542EB9BE1AC}.Release|Any CPU.Build.0 = Release|Any CPU
		{4940D93D-CF35-4558-989B-7D1DB82FC869}.Debug|Any CPU.ActiveCfg = Debug|Any CPU
		{4940D93D-CF35-4558-989B-7D1DB82FC869}.Debug|Any CPU.Build.0 = Debug|Any CPU
		{4940D93D-CF35-4558-989B-7D1DB82FC869}.Release|Any CPU.ActiveCfg = Release|Any CPU
		{4940D93D-CF35-4558-989B-7D1DB82FC869}.Release|Any CPU.Build.0 = Release|Any CPU
		{81B459F1-31AF-4FBD-B6E1-61C64748821C}.Debug|Any CPU.ActiveCfg = Debug|Any CPU
		{81B459F1-31AF-4FBD-B6E1-61C64748821C}.Debug|Any CPU.Build.0 = Debug|Any CPU
		{81B459F1-31AF-4FBD-B6E1-61C64748821C}.Release|Any CPU.ActiveCfg = Release|Any CPU
		{81B459F1-31AF-4FBD-B6E1-61C64748821C}.Release|Any CPU.Build.0 = Release|Any CPU
		{1D97127F-0B85-4BFC-800E-219BE48BBE03}.Debug|Any CPU.ActiveCfg = Debug|Any CPU
		{1D97127F-0B85-4BFC-800E-219BE48BBE03}.Debug|Any CPU.Build.0 = Debug|Any CPU
		{1D97127F-0B85-4BFC-800E-219BE48BBE03}.Release|Any CPU.ActiveCfg = Release|Any CPU
		{1D97127F-0B85-4BFC-800E-219BE48BBE03}.Release|Any CPU.Build.0 = Release|Any CPU
		{ADDB3C38-441D-42F7-B046-5C3E34A48985}.Debug|Any CPU.ActiveCfg = Debug|Any CPU
		{ADDB3C38-441D-42F7-B046-5C3E34A48985}.Debug|Any CPU.Build.0 = Debug|Any CPU
		{ADDB3C38-441D-42F7-B046-5C3E34A48985}.Release|Any CPU.ActiveCfg = Release|Any CPU
		{ADDB3C38-441D-42F7-B046-5C3E34A48985}.Release|Any CPU.Build.0 = Release|Any CPU
		{0AE972FE-32B5-4BB9-B926-2295E6E683F1}.Debug|Any CPU.ActiveCfg = Debug|Any CPU
		{0AE972FE-32B5-4BB9-B926-2295E6E683F1}.Debug|Any CPU.Build.0 = Debug|Any CPU
		{0AE972FE-32B5-4BB9-B926-2295E6E683F1}.Release|Any CPU.ActiveCfg = Release|Any CPU
		{0AE972FE-32B5-4BB9-B926-2295E6E683F1}.Release|Any CPU.Build.0 = Release|Any CPU
	EndGlobalSection
	GlobalSection(SolutionProperties) = preSolution
		HideSolutionNode = FALSE
	EndGlobalSection
	GlobalSection(NestedProjects) = preSolution
		{ADDB3C38-441D-42F7-B046-5C3E34A48985} = {DB838412-0FD8-48AA-8F74-4CD19029DDE1}
		{0AE972FE-32B5-4BB9-B926-2295E6E683F1} = {DB838412-0FD8-48AA-8F74-4CD19029DDE1}
	EndGlobalSection
	GlobalSection(ExtensibilityGlobals) = postSolution
		SolutionGuid = {AE588E09-7DB0-46A2-8CA9-365164F28134}
	EndGlobalSection
EndGlobal
